
Microsoft Visual Studio Solution File, Format Version 12.00
# Visual Studio Version 16
VisualStudioVersion = 16.0.30804.86
MinimumVisualStudioVersion = 10.0.40219.1
Project("{9A19103F-16F7-4668-BE54-9A1E7A4F7556}") = "BookAndMovie.Data", "BookAndMovie.Data\BookAndMovie.Data.csproj", "{A0D40F89-33F8-49D5-ADC7-63A306A40E4E}"
EndProject
Project("{9A19103F-16F7-4668-BE54-9A1E7A4F7556}") = "BookAndMovie.Domain", "BookAndMovie.Domain\BookAndMovie.Domain.csproj", "{CF234C54-297B-4FB1-A53A-10224A66DFE8}"
EndProject
Project("{9A19103F-16F7-4668-BE54-9A1E7A4F7556}") = "BookAndMovie.Services", "BookAndMovie.Services\BookAndMovie.Services.csproj", "{6E0CEB7F-FC3F-4155-8DB4-0B532D69BF53}"
EndProject
Project("{9A19103F-16F7-4668-BE54-9A1E7A4F7556}") = "BookAndMovie.Web", "BookAndMovie.Web\BookAndMovie.Web.csproj", "{56922016-32D7-47AA-A69B-087DCCE70ACA}"
EndProject
Global
	GlobalSection(SolutionConfigurationPlatforms) = preSolution
		Debug|Any CPU = Debug|Any CPU
		Release|Any CPU = Release|Any CPU
	EndGlobalSection
	GlobalSection(ProjectConfigurationPlatforms) = postSolution
		{A0D40F89-33F8-49D5-ADC7-63A306A40E4E}.Debug|Any CPU.ActiveCfg = Debug|Any CPU
		{A0D40F89-33F8-49D5-ADC7-63A306A40E4E}.Debug|Any CPU.Build.0 = Debug|Any CPU
		{A0D40F89-33F8-49D5-ADC7-63A306A40E4E}.Release|Any CPU.ActiveCfg = Release|Any CPU
		{A0D40F89-33F8-49D5-ADC7-63A306A40E4E}.Release|Any CPU.Build.0 = Release|Any CPU
		{CF234C54-297B-4FB1-A53A-10224A66DFE8}.Debug|Any CPU.ActiveCfg = Debug|Any CPU
		{CF234C54-297B-4FB1-A53A-10224A66DFE8}.Debug|Any CPU.Build.0 = Debug|Any CPU
		{CF234C54-297B-4FB1-A53A-10224A66DFE8}.Release|Any CPU.ActiveCfg = Release|Any CPU
		{CF234C54-297B-4FB1-A53A-10224A66DFE8}.Release|Any CPU.Build.0 = Release|Any CPU
		{6E0CEB7F-FC3F-4155-8DB4-0B532D69BF53}.Debug|Any CPU.ActiveCfg = Debug|Any CPU
		{6E0CEB7F-FC3F-4155-8DB4-0B532D69BF53}.Debug|Any CPU.Build.0 = Debug|Any CPU
		{6E0CEB7F-FC3F-4155-8DB4-0B532D69BF53}.Release|Any CPU.ActiveCfg = Release|Any CPU
		{6E0CEB7F-FC3F-4155-8DB4-0B532D69BF53}.Release|Any CPU.Build.0 = Release|Any CPU
		{56922016-32D7-47AA-A69B-087DCCE70ACA}.Debug|Any CPU.ActiveCfg = Debug|Any CPU
		{56922016-32D7-47AA-A69B-087DCCE70ACA}.Debug|Any CPU.Build.0 = Debug|Any CPU
		{56922016-32D7-47AA-A69B-087DCCE70ACA}.Release|Any CPU.ActiveCfg = Release|Any CPU
		{56922016-32D7-47AA-A69B-087DCCE70ACA}.Release|Any CPU.Build.0 = Release|Any CPU
	EndGlobalSection
	GlobalSection(SolutionProperties) = preSolution
		HideSolutionNode = FALSE
	EndGlobalSection
	GlobalSection(ExtensibilityGlobals) = postSolution
		SolutionGuid = {E816D6E2-3946-41E4-A83B-44100870C1AA}
	EndGlobalSection
EndGlobal
